
Microsoft Visual Studio Solution File, Format Version 12.00
# Visual Studio Version 16
VisualStudioVersion = 16.0.31129.286
MinimumVisualStudioVersion = 10.0.40219.1
Project("{FAE04EC0-301F-11D3-BF4B-00C04F79EFBC}") = "SimplePasswordGenerator", "SimplePasswordGenerator.csproj", "{DF48FF11-9BDB-41EF-8608-1F8F226F187B}"
EndProject
Global
	GlobalSection(SolutionConfigurationPlatforms) = preSolution
		Debug|Any CPU = Debug|Any CPU
		Release|Any CPU = Release|Any CPU
	EndGlobalSection
	GlobalSection(ProjectConfigurationPlatforms) = postSolution
		{DF48FF11-9BDB-41EF-8608-1F8F226F187B}.Debug|Any CPU.ActiveCfg = Debug|Any CPU
		{DF48FF11-9BDB-41EF-8608-1F8F226F187B}.Debug|Any CPU.Build.0 = Debug|Any CPU
		{DF48FF11-9BDB-41EF-8608-1F8F226F187B}.Release|Any CPU.ActiveCfg = Release|Any CPU
		{DF48FF11-9BDB-41EF-8608-1F8F226F187B}.Release|Any CPU.Build.0 = Release|Any CPU
	EndGlobalSection
	GlobalSection(SolutionProperties) = preSolution
		HideSolutionNode = FALSE
	EndGlobalSection
	GlobalSection(ExtensibilityGlobals) = postSolution
		SolutionGuid = {42D53B1A-3C77-4FF7-B36B-B29EDDA20D41}
	EndGlobalSection
EndGlobal
